
Microsoft Visual Studio Solution File, Format Version 12.00
# Visual Studio Version 17
VisualStudioVersion = 17.9.34728.123
MinimumVisualStudioVersion = 10.0.40219.1
Project("{9A19103F-16F7-4668-BE54-9A1E7A4F7556}") = "VineyardAPI", "VineyardAPI\VineyardAPI.csproj", "{721C8CF3-3AFF-42F2-AA1E-FEBC57532978}"
EndProject
Project("{FAE04EC0-301F-11D3-BF4B-00C04F79EFBC}") = "VineyardAPITests", "VineyardAPITests\VineyardAPITests.csproj", "{FB1CF42E-353C-481C-86AF-1D11DD76A466}"
EndProject
Global
	GlobalSection(SolutionConfigurationPlatforms) = preSolution
		Debug|Any CPU = Debug|Any CPU
		Release|Any CPU = Release|Any CPU
	EndGlobalSection
	GlobalSection(ProjectConfigurationPlatforms) = postSolution
		{721C8CF3-3AFF-42F2-AA1E-FEBC57532978}.Debug|Any CPU.ActiveCfg = Debug|Any CPU
		{721C8CF3-3AFF-42F2-AA1E-FEBC57532978}.Debug|Any CPU.Build.0 = Debug|Any CPU
		{721C8CF3-3AFF-42F2-AA1E-FEBC57532978}.Release|Any CPU.ActiveCfg = Release|Any CPU
		{721C8CF3-3AFF-42F2-AA1E-FEBC57532978}.Release|Any CPU.Build.0 = Release|Any CPU
		{FB1CF42E-353C-481C-86AF-1D11DD76A466}.Debug|Any CPU.ActiveCfg = Debug|Any CPU
		{FB1CF42E-353C-481C-86AF-1D11DD76A466}.Debug|Any CPU.Build.0 = Debug|Any CPU
		{FB1CF42E-353C-481C-86AF-1D11DD76A466}.Release|Any CPU.ActiveCfg = Release|Any CPU
		{FB1CF42E-353C-481C-86AF-1D11DD76A466}.Release|Any CPU.Build.0 = Release|Any CPU
	EndGlobalSection
	GlobalSection(SolutionProperties) = preSolution
		HideSolutionNode = FALSE
	EndGlobalSection
	GlobalSection(ExtensibilityGlobals) = postSolution
		SolutionGuid = {612B9786-187A-4205-9BFF-5AB784015D53}
	EndGlobalSection
EndGlobal
